// !$*UTF8*$!
{
	archiveVersion = 1;
	classes = {
	};
	objectVersion = 50;
	objects = {

/* Begin PBXBuildFile section */
		A433258424BBCC8A000BCD10 /* AppDelegate.swift in Sources */ = {isa = PBXBuildFile; fileRef = A433258324BBCC8A000BCD10 /* AppDelegate.swift */; };
		A433258624BBCC8A000BCD10 /* SceneDelegate.swift in Sources */ = {isa = PBXBuildFile; fileRef = A433258524BBCC8A000BCD10 /* SceneDelegate.swift */; };
		A433258824BBCC8B000BCD10 /* ViewController.swift in Sources */ = {isa = PBXBuildFile; fileRef = A433258724BBCC8A000BCD10 /* ViewController.swift */; };
		A433258B24BBCC8B000BCD10 /* Main.storyboard in Resources */ = {isa = PBXBuildFile; fileRef = A433258924BBCC8B000BCD10 /* Main.storyboard */; };
		A433258D24BBCC8D000BCD10 /* Assets.xcassets in Resources */ = {isa = PBXBuildFile; fileRef = A433258C24BBCC8D000BCD10 /* Assets.xcassets */; };
		A433259024BBCC8D000BCD10 /* LaunchScreen.storyboard in Resources */ = {isa = PBXBuildFile; fileRef = A433258E24BBCC8D000BCD10 /* LaunchScreen.storyboard */; };
		A433259B24BBCC8E000BCD10 /* tipcTests.swift in Sources */ = {isa = PBXBuildFile; fileRef = A433259A24BBCC8E000BCD10 /* tipcTests.swift */; };
		A43325A624BBCC8E000BCD10 /* tipcUITests.swift in Sources */ = {isa = PBXBuildFile; fileRef = A43325A524BBCC8E000BCD10 /* tipcUITests.swift */; };
/* End PBXBuildFile section */

/* Begin PBXContainerItemProxy section */
		A433259724BBCC8E000BCD10 /* PBXContainerItemProxy */ = {
			isa = PBXContainerItemProxy;
			containerPortal = A433257824BBCC8A000BCD10 /* Project object */;
			proxyType = 1;
			remoteGlobalIDString = A433257F24BBCC8A000BCD10;
			remoteInfo = tipc;
		};
		A43325A224BBCC8E000BCD10 /* PBXContainerItemProxy */ = {
			isa = PBXContainerItemProxy;
			containerPortal = A433257824BBCC8A000BCD10 /* Project object */;
			proxyType = 1;
			remoteGlobalIDString = A433257F24BBCC8A000BCD10;
			remoteInfo = tipc;
		};
/* End PBXContainerItemProxy section */

/* Begin PBXFileReference section */
		A433258024BBCC8A000BCD10 /* tipc.app */ = {isa = PBXFileReference; explicitFileType = wrapper.application; includeInIndex = 0; path = tipc.app; sourceTree = BUILT_PRODUCTS_DIR; };
		A433258324BBCC8A000BCD10 /* AppDelegate.swift */ = {isa = PBXFileReference; lastKnownFileType = sourcecode.swift; path = AppDelegate.swift; sourceTree = "<group>"; };
		A433258524BBCC8A000BCD10 /* SceneDelegate.swift */ = {isa = PBXFileReference; lastKnownFileType = sourcecode.swift; path = SceneDelegate.swift; sourceTree = "<group>"; };
		A433258724BBCC8A000BCD10 /* ViewController.swift */ = {isa = PBXFileReference; lastKnownFileType = sourcecode.swift; path = ViewController.swift; sourceTree = "<group>"; };
		A433258A24BBCC8B000BCD10 /* Base */ = {isa = PBXFileReference; lastKnownFileType = file.storyboard; name = Base; path = Base.lproj/Main.storyboard; sourceTree = "<group>"; };
		A433258C24BBCC8D000BCD10 /* Assets.xcassets */ = {isa = PBXFileReference; lastKnownFileType = folder.assetcatalog; path = Assets.xcassets; sourceTree = "<group>"; };
		A433258F24BBCC8D000BCD10 /* Base */ = {isa = PBXFileReference; lastKnownFileType = file.storyboard; name = Base; path = Base.lproj/LaunchScreen.storyboard; sourceTree = "<group>"; };
		A433259124BBCC8D000BCD10 /* Info.plist */ = {isa = PBXFileReference; lastKnownFileType = text.plist.xml; path = Info.plist; sourceTree = "<group>"; };
		A433259624BBCC8E000BCD10 /* tipcTests.xctest */ = {isa = PBXFileReference; explicitFileType = wrapper.cfbundle; includeInIndex = 0; path = tipcTests.xctest; sourceTree = BUILT_PRODUCTS_DIR; };
		A433259A24BBCC8E000BCD10 /* tipcTests.swift */ = {isa = PBXFileReference; lastKnownFileType = sourcecode.swift; path = tipcTests.swift; sourceTree = "<group>"; };
		A433259C24BBCC8E000BCD10 /* Info.plist */ = {isa = PBXFileReference; lastKnownFileType = text.plist.xml; path = Info.plist; sourceTree = "<group>"; };
		A43325A124BBCC8E000BCD10 /* tipcUITests.xctest */ = {isa = PBXFileReference; explicitFileType = wrapper.cfbundle; includeInIndex = 0; path = tipcUITests.xctest; sourceTree = BUILT_PRODUCTS_DIR; };
		A43325A524BBCC8E000BCD10 /* tipcUITests.swift */ = {isa = PBXFileReference; lastKnownFileType = sourcecode.swift; path = tipcUITests.swift; sourceTree = "<group>"; };
		A43325A724BBCC8E000BCD10 /* Info.plist */ = {isa = PBXFileReference; lastKnownFileType = text.plist.xml; path = Info.plist; sourceTree = "<group>"; };
/* End PBXFileReference section */

/* Begin PBXFrameworksBuildPhase section */
		A433257D24BBCC8A000BCD10 /* Frameworks */ = {
			isa = PBXFrameworksBuildPhase;
			buildActionMask = 2147483647;
			files = (
			);
			runOnlyForDeploymentPostprocessing = 0;
		};
		A433259324BBCC8E000BCD10 /* Frameworks */ = {
			isa = PBXFrameworksBuildPhase;
			buildActionMask = 2147483647;
			files = (
			);
			runOnlyForDeploymentPostprocessing = 0;
		};
		A433259E24BBCC8E000BCD10 /* Frameworks */ = {
			isa = PBXFrameworksBuildPhase;
			buildActionMask = 2147483647;
			files = (
			);
			runOnlyForDeploymentPostprocessing = 0;
		};
/* End PBXFrameworksBuildPhase section */

/* Begin PBXGroup section */
		A433257724BBCC8A000BCD10 = {
			isa = PBXGroup;
			children = (
				A433258224BBCC8A000BCD10 /* tipc */,
				A433259924BBCC8E000BCD10 /* tipcTests */,
				A43325A424BBCC8E000BCD10 /* tipcUITests */,
				A433258124BBCC8A000BCD10 /* Products */,
			);
			sourceTree = "<group>";
		};
		A433258124BBCC8A000BCD10 /* Products */ = {
			isa = PBXGroup;
			children = (
				A433258024BBCC8A000BCD10 /* tipc.app */,
				A433259624BBCC8E000BCD10 /* tipcTests.xctest */,
				A43325A124BBCC8E000BCD10 /* tipcUITests.xctest */,
			);
			name = Products;
			sourceTree = "<group>";
		};
		A433258224BBCC8A000BCD10 /* tipc */ = {
			isa = PBXGroup;
			children = (
				A433258324BBCC8A000BCD10 /* AppDelegate.swift */,
				A433258524BBCC8A000BCD10 /* SceneDelegate.swift */,
				A433258724BBCC8A000BCD10 /* ViewController.swift */,
				A433258924BBCC8B000BCD10 /* Main.storyboard */,
				A433258C24BBCC8D000BCD10 /* Assets.xcassets */,
				A433258E24BBCC8D000BCD10 /* LaunchScreen.storyboard */,
				A433259124BBCC8D000BCD10 /* Info.plist */,
			);
			path = tipc;
			sourceTree = "<group>";
		};
		A433259924BBCC8E000BCD10 /* tipcTests */ = {
			isa = PBXGroup;
			children = (
				A433259A24BBCC8E000BCD10 /* tipcTests.swift */,
				A433259C24BBCC8E000BCD10 /* Info.plist */,
			);
			path = tipcTests;
			sourceTree = "<group>";
		};
		A43325A424BBCC8E000BCD10 /* tipcUITests */ = {
			isa = PBXGroup;
			children = (
				A43325A524BBCC8E000BCD10 /* tipcUITests.swift */,
				A43325A724BBCC8E000BCD10 /* Info.plist */,
			);
			path = tipcUITests;
			sourceTree = "<group>";
		};
/* End PBXGroup section */

/* Begin PBXNativeTarget section */
		A433257F24BBCC8A000BCD10 /* tipc */ = {
			isa = PBXNativeTarget;
			buildConfigurationList = A43325AA24BBCC8E000BCD10 /* Build configuration list for PBXNativeTarget "tipc" */;
			buildPhases = (
				A433257C24BBCC8A000BCD10 /* Sources */,
				A433257D24BBCC8A000BCD10 /* Frameworks */,
				A433257E24BBCC8A000BCD10 /* Resources */,
			);
			buildRules = (
			);
			dependencies = (
			);
			name = tipc;
			productName = tipc;
			productReference = A433258024BBCC8A000BCD10 /* tipc.app */;
			productType = "com.apple.product-type.application";
		};
		A433259524BBCC8E000BCD10 /* tipcTests */ = {
			isa = PBXNativeTarget;
			buildConfigurationList = A43325AD24BBCC8E000BCD10 /* Build configuration list for PBXNativeTarget "tipcTests" */;
			buildPhases = (
				A433259224BBCC8E000BCD10 /* Sources */,
				A433259324BBCC8E000BCD10 /* Frameworks */,
				A433259424BBCC8E000BCD10 /* Resources */,
			);
			buildRules = (
			);
			dependencies = (
				A433259824BBCC8E000BCD10 /* PBXTargetDependency */,
			);
			name = tipcTests;
			productName = tipcTests;
			productReference = A433259624BBCC8E000BCD10 /* tipcTests.xctest */;
			productType = "com.apple.product-type.bundle.unit-test";
		};
		A43325A024BBCC8E000BCD10 /* tipcUITests */ = {
			isa = PBXNativeTarget;
			buildConfigurationList = A43325B024BBCC8E000BCD10 /* Build configuration list for PBXNativeTarget "tipcUITests" */;
			buildPhases = (
				A433259D24BBCC8E000BCD10 /* Sources */,
				A433259E24BBCC8E000BCD10 /* Frameworks */,
				A433259F24BBCC8E000BCD10 /* Resources */,
			);
			buildRules = (
			);
			dependencies = (
				A43325A324BBCC8E000BCD10 /* PBXTargetDependency */,
			);
			name = tipcUITests;
			productName = tipcUITests;
			productReference = A43325A124BBCC8E000BCD10 /* tipcUITests.xctest */;
			productType = "com.apple.product-type.bundle.ui-testing";
		};
/* End PBXNativeTarget section */

/* Begin PBXProject section */
		A433257824BBCC8A000BCD10 /* Project object */ = {
			isa = PBXProject;
			attributes = {
				LastSwiftUpdateCheck = 1150;
				LastUpgradeCheck = 1150;
				ORGANIZATIONNAME = CodepathSC;
				TargetAttributes = {
					A433257F24BBCC8A000BCD10 = {
						CreatedOnToolsVersion = 11.5;
					};
					A433259524BBCC8E000BCD10 = {
						CreatedOnToolsVersion = 11.5;
						TestTargetID = A433257F24BBCC8A000BCD10;
					};
					A43325A024BBCC8E000BCD10 = {
						CreatedOnToolsVersion = 11.5;
						TestTargetID = A433257F24BBCC8A000BCD10;
					};
				};
			};
			buildConfigurationList = A433257B24BBCC8A000BCD10 /* Build configuration list for PBXProject "tipc" */;
			compatibilityVersion = "Xcode 9.3";
			developmentRegion = en;
			hasScannedForEncodings = 0;
			knownRegions = (
				en,
				Base,
			);
			mainGroup = A433257724BBCC8A000BCD10;
			productRefGroup = A433258124BBCC8A000BCD10 /* Products */;
			projectDirPath = "";
			projectRoot = "";
			targets = (
				A433257F24BBCC8A000BCD10 /* tipc */,
				A433259524BBCC8E000BCD10 /* tipcTests */,
				A43325A024BBCC8E000BCD10 /* tipcUITests */,
			);
		};
/* End PBXProject section */

/* Begin PBXResourcesBuildPhase section */
		A433257E24BBCC8A000BCD10 /* Resources */ = {
			isa = PBXResourcesBuildPhase;
			buildActionMask = 2147483647;
			files = (
				A433259024BBCC8D000BCD10 /* LaunchScreen.storyboard in Resources */,
				A433258D24BBCC8D000BCD10 /* Assets.xcassets in Resources */,
				A433258B24BBCC8B000BCD10 /* Main.storyboard in Resources */,
			);
			runOnlyForDeploymentPostprocessing = 0;
		};
		A433259424BBCC8E000BCD10 /* Resources */ = {
			isa = PBXResourcesBuildPhase;
			buildActionMask = 2147483647;
			files = (
			);
			runOnlyForDeploymentPostprocessing = 0;
		};
		A433259F24BBCC8E000BCD10 /* Resources */ = {
			isa = PBXResourcesBuildPhase;
			buildActionMask = 2147483647;
			files = (
			);
			runOnlyForDeploymentPostprocessing = 0;
		};
/* End PBXResourcesBuildPhase section */

/* Begin PBXSourcesBuildPhase section */
		A433257C24BBCC8A000BCD10 /* Sources */ = {
			isa = PBXSourcesBuildPhase;
			buildActionMask = 2147483647;
			files = (
				A433258824BBCC8B000BCD10 /* ViewController.swift in Sources */,
				A433258424BBCC8A000BCD10 /* AppDelegate.swift in Sources */,
				A433258624BBCC8A000BCD10 /* SceneDelegate.swift in Sources */,
			);
			runOnlyForDeploymentPostprocessing = 0;
		};
		A433259224BBCC8E000BCD10 /* Sources */ = {
			isa = PBXSourcesBuildPhase;
			buildActionMask = 2147483647;
			files = (
				A433259B24BBCC8E000BCD10 /* tipcTests.swift in Sources */,
			);
			runOnlyForDeploymentPostprocessing = 0;
		};
		A433259D24BBCC8E000BCD10 /* Sources */ = {
			isa = PBXSourcesBuildPhase;
			buildActionMask = 2147483647;
			files = (
				A43325A624BBCC8E000BCD10 /* tipcUITests.swift in Sources */,
			);
			runOnlyForDeploymentPostprocessing = 0;
		};
/* End PBXSourcesBuildPhase section */

/* Begin PBXTargetDependency section */
		A433259824BBCC8E000BCD10 /* PBXTargetDependency */ = {
			isa = PBXTargetDependency;
			target = A433257F24BBCC8A000BCD10 /* tipc */;
			targetProxy = A433259724BBCC8E000BCD10 /* PBXContainerItemProxy */;
		};
		A43325A324BBCC8E000BCD10 /* PBXTargetDependency */ = {
			isa = PBXTargetDependency;
			target = A433257F24BBCC8A000BCD10 /* tipc */;
			targetProxy = A43325A224BBCC8E000BCD10 /* PBXContainerItemProxy */;
		};
/* End PBXTargetDependency section */

/* Begin PBXVariantGroup section */
		A433258924BBCC8B000BCD10 /* Main.storyboard */ = {
			isa = PBXVariantGroup;
			children = (
				A433258A24BBCC8B000BCD10 /* Base */,
			);
			name = Main.storyboard;
			sourceTree = "<group>";
		};
		A433258E24BBCC8D000BCD10 /* LaunchScreen.storyboard */ = {
			isa = PBXVariantGroup;
			children = (
				A433258F24BBCC8D000BCD10 /* Base */,
			);
			name = LaunchScreen.storyboard;
			sourceTree = "<group>";
		};
/* End PBXVariantGroup section */

/* Begin XCBuildConfiguration section */
		A43325A824BBCC8E000BCD10 /* Debug */ = {
			isa = XCBuildConfiguration;
			buildSettings = {
				ALWAYS_SEARCH_USER_PATHS = NO;
				CLANG_ANALYZER_NONNULL = YES;
				CLANG_ANALYZER_NUMBER_OBJECT_CONVERSION = YES_AGGRESSIVE;
				CLANG_CXX_LANGUAGE_STANDARD = "gnu++14";
				CLANG_CXX_LIBRARY = "libc++";
				CLANG_ENABLE_MODULES = YES;
				CLANG_ENABLE_OBJC_ARC = YES;
				CLANG_ENABLE_OBJC_WEAK = YES;
				CLANG_WARN_BLOCK_CAPTURE_AUTORELEASING = YES;
				CLANG_WARN_BOOL_CONVERSION = YES;
				CLANG_WARN_COMMA = YES;
				CLANG_WARN_CONSTANT_CONVERSION = YES;
				CLANG_WARN_DEPRECATED_OBJC_IMPLEMENTATIONS = YES;
				CLANG_WARN_DIRECT_OBJC_ISA_USAGE = YES_ERROR;
				CLANG_WARN_DOCUMENTATION_COMMENTS = YES;
				CLANG_WARN_EMPTY_BODY = YES;
				CLANG_WARN_ENUM_CONVERSION = YES;
				CLANG_WARN_INFINITE_RECURSION = YES;
				CLANG_WARN_INT_CONVERSION = YES;
				CLANG_WARN_NON_LITERAL_NULL_CONVERSION = YES;
				CLANG_WARN_OBJC_IMPLICIT_RETAIN_SELF = YES;
				CLANG_WARN_OBJC_LITERAL_CONVERSION = YES;
				CLANG_WARN_OBJC_ROOT_CLASS = YES_ERROR;
				CLANG_WARN_RANGE_LOOP_ANALYSIS = YES;
				CLANG_WARN_STRICT_PROTOTYPES = YES;
				CLANG_WARN_SUSPICIOUS_MOVE = YES;
				CLANG_WARN_UNGUARDED_AVAILABILITY = YES_AGGRESSIVE;
				CLANG_WARN_UNREACHABLE_CODE = YES;
				CLANG_WARN__DUPLICATE_METHOD_MATCH = YES;
				COPY_PHASE_STRIP = NO;
				DEBUG_INFORMATION_FORMAT = dwarf;
				ENABLE_STRICT_OBJC_MSGSEND = YES;
				ENABLE_TESTABILITY = YES;
				GCC_C_LANGUAGE_STANDARD = gnu11;
				GCC_DYNAMIC_NO_PIC = NO;
				GCC_NO_COMMON_BLOCKS = YES;
				GCC_OPTIMIZATION_LEVEL = 0;
				GCC_PREPROCESSOR_DEFINITIONS = (
					"DEBUG=1",
					"$(inherited)",
				);
				GCC_WARN_64_TO_32_BIT_CONVERSION = YES;
				GCC_WARN_ABOUT_RETURN_TYPE = YES_ERROR;
				GCC_WARN_UNDECLARED_SELECTOR = YES;
				GCC_WARN_UNINITIALIZED_AUTOS = YES_AGGRESSIVE;
				GCC_WARN_UNUSED_FUNCTION = YES;
				GCC_WARN_UNUSED_VARIABLE = YES;
				IPHONEOS_DEPLOYMENT_TARGET = 13.5;
				MTL_ENABLE_DEBUG_INFO = INCLUDE_SOURCE;
				MTL_FAST_MATH = YES;
				ONLY_ACTIVE_ARCH = YES;
				SDKROOT = iphoneos;
				SWIFT_ACTIVE_COMPILATION_CONDITIONS = DEBUG;
				SWIFT_OPTIMIZATION_LEVEL = "-Onone";
			};
			name = Debug;
		};
		A43325A924BBCC8E000BCD10 /* Release */ = {
			isa = XCBuildConfiguration;
			buildSettings = {
				ALWAYS_SEARCH_USER_PATHS = NO;
				CLANG_ANALYZER_NONNULL = YES;
				CLANG_ANALYZER_NUMBER_OBJECT_CONVERSION = YES_AGGRESSIVE;
				CLANG_CXX_LANGUAGE_STANDARD = "gnu++14";
				CLANG_CXX_LIBRARY = "libc++";
				CLANG_ENABLE_MODULES = YES;
				CLANG_ENABLE_OBJC_ARC = YES;
				CLANG_ENABLE_OBJC_WEAK = YES;
				CLANG_WARN_BLOCK_CAPTURE_AUTORELEASING = YES;
				CLANG_WARN_BOOL_CONVERSION = YES;
				CLANG_WARN_COMMA = YES;
				CLANG_WARN_CONSTANT_CONVERSION = YES;
				CLANG_WARN_DEPRECATED_OBJC_IMPLEMENTATIONS = YES;
				CLANG_WARN_DIRECT_OBJC_ISA_USAGE = YES_ERROR;
				CLANG_WARN_DOCUMENTATION_COMMENTS = YES;
				CLANG_WARN_EMPTY_BODY = YES;
				CLANG_WARN_ENUM_CONVERSION = YES;
				CLANG_WARN_INFINITE_RECURSION = YES;
				CLANG_WARN_INT_CONVERSION = YES;
				CLANG_WARN_NON_LITERAL_NULL_CONVERSION = YES;
				CLANG_WARN_OBJC_IMPLICIT_RETAIN_SELF = YES;
				CLANG_WARN_OBJC_LITERAL_CONVERSION = YES;
				CLANG_WARN_OBJC_ROOT_CLASS = YES_ERROR;
				CLANG_WARN_RANGE_LOOP_ANALYSIS = YES;
				CLANG_WARN_STRICT_PROTOTYPES = YES;
				CLANG_WARN_SUSPICIOUS_MOVE = YES;
				CLANG_WARN_UNGUARDED_AVAILABILITY = YES_AGGRESSIVE;
				CLANG_WARN_UNREACHABLE_CODE = YES;
				CLANG_WARN__DUPLICATE_METHOD_MATCH = YES;
				COPY_PHASE_STRIP = NO;
				DEBUG_INFORMATION_FORMAT = "dwarf-with-dsym";
				ENABLE_NS_ASSERTIONS = NO;
				ENABLE_STRICT_OBJC_MSGSEND = YES;
				GCC_C_LANGUAGE_STANDARD = gnu11;
				GCC_NO_COMMON_BLOCKS = YES;
				GCC_WARN_64_TO_32_BIT_CONVERSION = YES;
				GCC_WARN_ABOUT_RETURN_TYPE = YES_ERROR;
				GCC_WARN_UNDECLARED_SELECTOR = YES;
				GCC_WARN_UNINITIALIZED_AUTOS = YES_AGGRESSIVE;
				GCC_WARN_UNUSED_FUNCTION = YES;
				GCC_WARN_UNUSED_VARIABLE = YES;
				IPHONEOS_DEPLOYMENT_TARGET = 13.5;
				MTL_ENABLE_DEBUG_INFO = NO;
				MTL_FAST_MATH = YES;
				SDKROOT = iphoneos;
				SWIFT_COMPILATION_MODE = wholemodule;
				SWIFT_OPTIMIZATION_LEVEL = "-O";
				VALIDATE_PRODUCT = YES;
			};
			name = Release;
		};
		A43325AB24BBCC8E000BCD10 /* Debug */ = {
			isa = XCBuildConfiguration;
			buildSettings = {
				ASSETCATALOG_COMPILER_APPICON_NAME = AppIcon;
				CODE_SIGN_STYLE = Automatic;
				INFOPLIST_FILE = tipc/Info.plist;
				LD_RUNPATH_SEARCH_PATHS = (
					"$(inherited)",
					"@executable_path/Frameworks",
				);
				PRODUCT_BUNDLE_IDENTIFIER = codepathSC.tipc;
				PRODUCT_NAME = "$(TARGET_NAME)";
				SWIFT_VERSION = 5.0;
				TARGETED_DEVICE_FAMILY = "1,2";
			};
			name = Debug;
		};
		A43325AC24BBCC8E000BCD10 /* Release */ = {
			isa = XCBuildConfiguration;
			buildSettings = {
				ASSETCATALOG_COMPILER_APPICON_NAME = AppIcon;
				CODE_SIGN_STYLE = Automatic;
				INFOPLIST_FILE = tipc/Info.plist;
				LD_RUNPATH_SEARCH_PATHS = (
					"$(inherited)",
					"@executable_path/Frameworks",
				);
				PRODUCT_BUNDLE_IDENTIFIER = codepathSC.tipc;
				PRODUCT_NAME = "$(TARGET_NAME)";
				SWIFT_VERSION = 5.0;
				TARGETED_DEVICE_FAMILY = "1,2";
			};
			name = Release;
		};
		A43325AE24BBCC8E000BCD10 /* Debug */ = {
			isa = XCBuildConfiguration;
			buildSettings = {
				ALWAYS_EMBED_SWIFT_STANDARD_LIBRARIES = YES;
				BUNDLE_LOADER = "$(TEST_HOST)";
				CODE_SIGN_STYLE = Automatic;
				INFOPLIST_FILE = tipcTests/Info.plist;
				IPHONEOS_DEPLOYMENT_TARGET = 13.5;
				LD_RUNPATH_SEARCH_PATHS = (
					"$(inherited)",
					"@executable_path/Frameworks",
					"@loader_path/Frameworks",
				);
				PRODUCT_BUNDLE_IDENTIFIER = codepathSC.tipcTests;
				PRODUCT_NAME = "$(TARGET_NAME)";
				SWIFT_VERSION = 5.0;
				TARGETED_DEVICE_FAMILY = "1,2";
				TEST_HOST = "$(BUILT_PRODUCTS_DIR)/tipc.app/tipc";
			};
			name = Debug;
		};
		A43325AF24BBCC8E000BCD10 /* Release */ = {
			isa = XCBuildConfiguration;
			buildSettings = {
				ALWAYS_EMBED_SWIFT_STANDARD_LIBRARIES = YES;
				BUNDLE_LOADER = "$(TEST_HOST)";
				CODE_SIGN_STYLE = Automatic;
				INFOPLIST_FILE = tipcTests/Info.plist;
				IPHONEOS_DEPLOYMENT_TARGET = 13.5;
				LD_RUNPATH_SEARCH_PATHS = (
					"$(inherited)",
					"@executable_path/Frameworks",
					"@loader_path/Frameworks",
				);
				PRODUCT_BUNDLE_IDENTIFIER = codepathSC.tipcTests;
				PRODUCT_NAME = "$(TARGET_NAME)";
				SWIFT_VERSION = 5.0;
				TARGETED_DEVICE_FAMILY = "1,2";
				TEST_HOST = "$(BUILT_PRODUCTS_DIR)/tipc.app/tipc";
			};
			name = Release;
		};
		A43325B124BBCC8E000BCD10 /* Debug */ = {
			isa = XCBuildConfiguration;
			buildSettings = {
				ALWAYS_EMBED_SWIFT_STANDARD_LIBRARIES = YES;
				CODE_SIGN_STYLE = Automatic;
				INFOPLIST_FILE = tipcUITests/Info.plist;
				LD_RUNPATH_SEARCH_PATHS = (
					"$(inherited)",
					"@executable_path/Frameworks",
					"@loader_path/Frameworks",
				);
				PRODUCT_BUNDLE_IDENTIFIER = codepathSC.tipcUITests;
				PRODUCT_NAME = "$(TARGET_NAME)";
				SWIFT_VERSION = 5.0;
				TARGETED_DEVICE_FAMILY = "1,2";
				TEST_TARGET_NAME = tipc;
			};
			name = Debug;
		};
		A43325B224BBCC8E000BCD10 /* Release */ = {
			isa = XCBuildConfiguration;
			buildSettings = {
				ALWAYS_EMBED_SWIFT_STANDARD_LIBRARIES = YES;
				CODE_SIGN_STYLE = Automatic;
				INFOPLIST_FILE = tipcUITests/Info.plist;
				LD_RUNPATH_SEARCH_PATHS = (
					"$(inherited)",
					"@executable_path/Frameworks",
					"@loader_path/Frameworks",
				);
				PRODUCT_BUNDLE_IDENTIFIER = codepathSC.tipcUITests;
				PRODUCT_NAME = "$(TARGET_NAME)";
				SWIFT_VERSION = 5.0;
				TARGETED_DEVICE_FAMILY = "1,2";
				TEST_TARGET_NAME = tipc;
			};
			name = Release;
		};
/* End XCBuildConfiguration section */

/* Begin XCConfigurationList section */
		A433257B24BBCC8A000BCD10 /* Build configuration list for PBXProject "tipc" */ = {
			isa = XCConfigurationList;
			buildConfigurations = (
				A43325A824BBCC8E000BCD10 /* Debug */,
				A43325A924BBCC8E000BCD10 /* Release */,
			);
			defaultConfigurationIsVisible = 0;
			defaultConfigurationName = Release;
		};
		A43325AA24BBCC8E000BCD10 /* Build configuration list for PBXNativeTarget "tipc" */ = {
			isa = XCConfigurationList;
			buildConfigurations = (
				A43325AB24BBCC8E000BCD10 /* Debug */,
				A43325AC24BBCC8E000BCD10 /* Release */,
			);
			defaultConfigurationIsVisible = 0;
			defaultConfigurationName = Release;
		};
		A43325AD24BBCC8E000BCD10 /* Build configuration list for PBXNativeTarget "tipcTests" */ = {
			isa = XCConfigurationList;
			buildConfigurations = (
				A43325AE24BBCC8E000BCD10 /* Debug */,
				A43325AF24BBCC8E000BCD10 /* Release */,
			);
			defaultConfigurationIsVisible = 0;
			defaultConfigurationName = Release;
		};
		A43325B024BBCC8E000BCD10 /* Build configuration list for PBXNativeTarget "tipcUITests" */ = {
			isa = XCConfigurationList;
			buildConfigurations = (
				A43325B124BBCC8E000BCD10 /* Debug */,
				A43325B224BBCC8E000BCD10 /* Release */,
			);
			defaultConfigurationIsVisible = 0;
			defaultConfigurationName = Release;
		};
/* End XCConfigurationList section */
	};
	rootObject = A433257824BBCC8A000BCD10 /* Project object */;
}
